// !$*UTF8*$!
{
	archiveVersion = 1;
	classes = {
	};
	objectVersion = 46;
	objects = {

/* Begin PBXBuildFile section */
		07FED87BE6DE686CDCD6C2DF /* libPods.a in Frameworks */ = {isa = PBXBuildFile; fileRef = 4DDD5A6E90B84503726D0C62 /* libPods.a */; };
		55326E2C1C94CB2500AC3228 /* SettingsCellProtocol.swift in Sources */ = {isa = PBXBuildFile; fileRef = 55326E2B1C94CB2500AC3228 /* SettingsCellProtocol.swift */; };
		55326E2F1C9625AD00AC3228 /* AboutViewController.swift in Sources */ = {isa = PBXBuildFile; fileRef = 55326E2D1C9625AD00AC3228 /* AboutViewController.swift */; };
		55326E301C9625AD00AC3228 /* AboutViewController.xib in Resources */ = {isa = PBXBuildFile; fileRef = 55326E2E1C9625AD00AC3228 /* AboutViewController.xib */; };
		55326E331C9625C300AC3228 /* SyncViewController.swift in Sources */ = {isa = PBXBuildFile; fileRef = 55326E311C9625C300AC3228 /* SyncViewController.swift */; };
		55326E341C9625C300AC3228 /* SyncViewController.xib in Resources */ = {isa = PBXBuildFile; fileRef = 55326E321C9625C300AC3228 /* SyncViewController.xib */; };
		55560BC21C1FF98B00B29D49 /* AAPTransitionDirector.m in Sources */ = {isa = PBXBuildFile; fileRef = 55560BBD1C1FF98B00B29D49 /* AAPTransitionDirector.m */; };
		55560BC31C1FF98B00B29D49 /* UINavigationController+RadialTransaction.m in Sources */ = {isa = PBXBuildFile; fileRef = 55560BBF1C1FF98B00B29D49 /* UINavigationController+RadialTransaction.m */; };
		55560BC41C1FF98B00B29D49 /* UIView+Radial.m in Sources */ = {isa = PBXBuildFile; fileRef = 55560BC11C1FF98B00B29D49 /* UIView+Radial.m */; };
		55560BC61C212C5E00B29D49 /* MemPassOptions.swift in Sources */ = {isa = PBXBuildFile; fileRef = 55560BC51C212C5E00B29D49 /* MemPassOptions.swift */; };
		55560BC81C21445B00B29D49 /* SideBarTableControllerTableViewController.swift in Sources */ = {isa = PBXBuildFile; fileRef = 55560BC71C21445B00B29D49 /* SideBarTableControllerTableViewController.swift */; };
		55560BCC1C2144CB00B29D49 /* SideBarTableViewCell.swift in Sources */ = {isa = PBXBuildFile; fileRef = 55560BCB1C2144CB00B29D49 /* SideBarTableViewCell.swift */; };
		555724F71CB1C80700DA91CE /* sync.html in Resources */ = {isa = PBXBuildFile; fileRef = 555724F61CB1C80700DA91CE /* sync.html */; };
		555724F91CB206A900DA91CE /* GoogleService-Info.plist in Resources */ = {isa = PBXBuildFile; fileRef = 555724F81CB206A900DA91CE /* GoogleService-Info.plist */; };
		558DA4181C27233300538933 /* MemPassDice.swift in Sources */ = {isa = PBXBuildFile; fileRef = 558DA4171C27233300538933 /* MemPassDice.swift */; };
		558DA4201C27CDBC00538933 /* word.json in Resources */ = {isa = PBXBuildFile; fileRef = 558DA41F1C27CDBC00538933 /* word.json */; };
		558DA4231C27CDEE00538933 /* Model.xcdatamodeld in Sources */ = {isa = PBXBuildFile; fileRef = 558DA4211C27CDEE00538933 /* Model.xcdatamodeld */; };
		558DA4241C27D13400538933 /* MemPass.swift in Sources */ = {isa = PBXBuildFile; fileRef = 55A706301C1A975100063130 /* MemPass.swift */; };
		558DA4271C27D37800538933 /* Word+CoreDataProperties.swift in Sources */ = {isa = PBXBuildFile; fileRef = 558DA4251C27D37800538933 /* Word+CoreDataProperties.swift */; };
		558DA4281C27D37800538933 /* Word.swift in Sources */ = {isa = PBXBuildFile; fileRef = 558DA4261C27D37800538933 /* Word.swift */; };
		55A7061F1C1A960600063130 /* AppDelegate.swift in Sources */ = {isa = PBXBuildFile; fileRef = 55A7061E1C1A960600063130 /* AppDelegate.swift */; };
		55A706211C1A960600063130 /* ViewController.swift in Sources */ = {isa = PBXBuildFile; fileRef = 55A706201C1A960600063130 /* ViewController.swift */; };
		55A706241C1A960600063130 /* Main.storyboard in Resources */ = {isa = PBXBuildFile; fileRef = 55A706221C1A960600063130 /* Main.storyboard */; };
		55A706261C1A960600063130 /* Assets.xcassets in Resources */ = {isa = PBXBuildFile; fileRef = 55A706251C1A960600063130 /* Assets.xcassets */; };
		55A706291C1A960600063130 /* LaunchScreen.storyboard in Resources */ = {isa = PBXBuildFile; fileRef = 55A706271C1A960600063130 /* LaunchScreen.storyboard */; };
		55A706351C1A9FD800063130 /* Sha2.m in Sources */ = {isa = PBXBuildFile; fileRef = 55A706341C1A9FD800063130 /* Sha2.m */; };
		55A7063B1C1BC5F300063130 /* CIColorExtension.swift in Sources */ = {isa = PBXBuildFile; fileRef = 55A706381C1BC5F300063130 /* CIColorExtension.swift */; };
		55A7063C1C1BC5F300063130 /* QRCode.swift in Sources */ = {isa = PBXBuildFile; fileRef = 55A706391C1BC5F300063130 /* QRCode.swift */; };
		55A7063D1C1BC5F300063130 /* UIImageViewExtension.swift in Sources */ = {isa = PBXBuildFile; fileRef = 55A7063A1C1BC5F300063130 /* UIImageViewExtension.swift */; };
		55A7063F1C1BCBA400063130 /* SeedViewController.swift in Sources */ = {isa = PBXBuildFile; fileRef = 55A7063E1C1BCBA400063130 /* SeedViewController.swift */; };
		55A951351C1E8918005C24AF /* Share-TechMono.ttf in Resources */ = {isa = PBXBuildFile; fileRef = 55A951341C1E8889005C24AF /* Share-TechMono.ttf */; };
		55A951371C1E8AC3005C24AF /* zrnic.ttf in Resources */ = {isa = PBXBuildFile; fileRef = 55A951361C1E8AC3005C24AF /* zrnic.ttf */; };
		55A9513C1C1E9743005C24AF /* R.generated.swift in Sources */ = {isa = PBXBuildFile; fileRef = 55A9513B1C1E9743005C24AF /* R.generated.swift */; };
		55A9514A1C1E9F41005C24AF /* ReplaceVCSegue.swift in Sources */ = {isa = PBXBuildFile; fileRef = 55A951481C1E9F41005C24AF /* ReplaceVCSegue.swift */; };
		55A9514B1C1E9F41005C24AF /* ReplaceRootVCSegue.swift in Sources */ = {isa = PBXBuildFile; fileRef = 55A951491C1E9F41005C24AF /* ReplaceRootVCSegue.swift */; };
		55A951511C1FDC0D005C24AF /* View.xib in Resources */ = {isa = PBXBuildFile; fileRef = 55A951501C1FDC0D005C24AF /* View.xib */; };
		55A951541C1FDC4B005C24AF /* Conveniences.swift in Sources */ = {isa = PBXBuildFile; fileRef = 55A951521C1FDC4B005C24AF /* Conveniences.swift */; };
		55A951551C1FDC4B005C24AF /* UIColorConveniences.swift in Sources */ = {isa = PBXBuildFile; fileRef = 55A951531C1FDC4B005C24AF /* UIColorConveniences.swift */; };
		55A951571C1FDE34005C24AF /* Reachability.swift in Sources */ = {isa = PBXBuildFile; fileRef = 55A951561C1FDE34005C24AF /* Reachability.swift */; };
		55A9515B1C1FF76F005C24AF /* OnBoardingViewController.swift in Sources */ = {isa = PBXBuildFile; fileRef = 55A951591C1FF76F005C24AF /* OnBoardingViewController.swift */; };
		55A9515C1C1FF76F005C24AF /* OnBoardingViewController.xib in Resources */ = {isa = PBXBuildFile; fileRef = 55A9515A1C1FF76F005C24AF /* OnBoardingViewController.xib */; };
		55DE27991C9DE41100E2B01B /* MemPassOptionChangesTests.swift in Sources */ = {isa = PBXBuildFile; fileRef = 55DE27981C9DE41100E2B01B /* MemPassOptionChangesTests.swift */; };
		55DE279B1C9E09C000E2B01B /* iAd.framework in Frameworks */ = {isa = PBXBuildFile; fileRef = 55DE279A1C9E09C000E2B01B /* iAd.framework */; };
		55DE279D1C9E138200E2B01B /* about.html in Resources */ = {isa = PBXBuildFile; fileRef = 55DE279C1C9E138200E2B01B /* about.html */; };
		55F1196F1C22710B0084C07B /* SeedViewController.xib in Resources */ = {isa = PBXBuildFile; fileRef = 55F1196E1C22710B0084C07B /* SeedViewController.xib */; };
		55F119761C2287CB0084C07B /* QRCodeReader.swift in Sources */ = {isa = PBXBuildFile; fileRef = 55F119711C2287CB0084C07B /* QRCodeReader.swift */; };
		55F119771C2287CB0084C07B /* QRCodeViewController.swift in Sources */ = {isa = PBXBuildFile; fileRef = 55F119721C2287CB0084C07B /* QRCodeViewController.swift */; };
		55F119781C2287CB0084C07B /* ReaderOverlayView.swift in Sources */ = {isa = PBXBuildFile; fileRef = 55F119731C2287CB0084C07B /* ReaderOverlayView.swift */; };
		55F119791C2287CB0084C07B /* SwitchCameraButton.swift in Sources */ = {isa = PBXBuildFile; fileRef = 55F119741C2287CB0084C07B /* SwitchCameraButton.swift */; };
		55F1197A1C2287CB0084C07B /* ToggleTorchButton.swift in Sources */ = {isa = PBXBuildFile; fileRef = 55F119751C2287CB0084C07B /* ToggleTorchButton.swift */; };
		55F1197C1C2288750084C07B /* AVFoundation.framework in Frameworks */ = {isa = PBXBuildFile; fileRef = 55F1197B1C2288750084C07B /* AVFoundation.framework */; };
		55F1197F1C2294EB0084C07B /* SettingsTableViewController.swift in Sources */ = {isa = PBXBuildFile; fileRef = 55F1197D1C2294EB0084C07B /* SettingsTableViewController.swift */; };
		55F119821C2298580084C07B /* SettingsSingleValueTableViewCell.swift in Sources */ = {isa = PBXBuildFile; fileRef = 55F119811C2298580084C07B /* SettingsSingleValueTableViewCell.swift */; };
		55F119841C2298680084C07B /* SettingsToggleTableViewCell.swift in Sources */ = {isa = PBXBuildFile; fileRef = 55F119831C2298680084C07B /* SettingsToggleTableViewCell.swift */; };
		55F119861C2298810084C07B /* SettingsLongTableViewCell.swift in Sources */ = {isa = PBXBuildFile; fileRef = 55F119851C2298810084C07B /* SettingsLongTableViewCell.swift */; };
		55FB08871C38CC9900191F51 /* MemPassTests.swift in Sources */ = {isa = PBXBuildFile; fileRef = 55FB08861C38CC9900191F51 /* MemPassTests.swift */; };
		A89E385A9A5FDE09360644BA /* libPods.a in Frameworks */ = {isa = PBXBuildFile; fileRef = 4DDD5A6E90B84503726D0C62 /* libPods.a */; };
/* End PBXBuildFile section */

/* Begin PBXContainerItemProxy section */
		55FB08891C38CC9900191F51 /* PBXContainerItemProxy */ = {
			isa = PBXContainerItemProxy;
			containerPortal = 55A706131C1A960600063130 /* Project object */;
			proxyType = 1;
			remoteGlobalIDString = 55A7061A1C1A960600063130;
			remoteInfo = MemPass;
		};
/* End PBXContainerItemProxy section */

/* Begin PBXFileReference section */
		4DDD5A6E90B84503726D0C62 /* libPods.a */ = {isa = PBXFileReference; explicitFileType = archive.ar; includeInIndex = 0; path = libPods.a; sourceTree = BUILT_PRODUCTS_DIR; };
		55326E2B1C94CB2500AC3228 /* SettingsCellProtocol.swift */ = {isa = PBXFileReference; fileEncoding = 4; lastKnownFileType = sourcecode.swift; path = SettingsCellProtocol.swift; sourceTree = "<group>"; };
		55326E2D1C9625AD00AC3228 /* AboutViewController.swift */ = {isa = PBXFileReference; fileEncoding = 4; lastKnownFileType = sourcecode.swift; path = AboutViewController.swift; sourceTree = "<group>"; };
		55326E2E1C9625AD00AC3228 /* AboutViewController.xib */ = {isa = PBXFileReference; fileEncoding = 4; lastKnownFileType = file.xib; path = AboutViewController.xib; sourceTree = "<group>"; };
		55326E311C9625C300AC3228 /* SyncViewController.swift */ = {isa = PBXFileReference; fileEncoding = 4; lastKnownFileType = sourcecode.swift; path = SyncViewController.swift; sourceTree = "<group>"; };
		55326E321C9625C300AC3228 /* SyncViewController.xib */ = {isa = PBXFileReference; fileEncoding = 4; lastKnownFileType = file.xib; path = SyncViewController.xib; sourceTree = "<group>"; };
		55560BBC1C1FF98B00B29D49 /* AAPTransitionDirector.h */ = {isa = PBXFileReference; fileEncoding = 4; lastKnownFileType = sourcecode.c.h; path = AAPTransitionDirector.h; sourceTree = "<group>"; };
		55560BBD1C1FF98B00B29D49 /* AAPTransitionDirector.m */ = {isa = PBXFileReference; fileEncoding = 4; lastKnownFileType = sourcecode.c.objc; path = AAPTransitionDirector.m; sourceTree = "<group>"; };
		55560BBE1C1FF98B00B29D49 /* UINavigationController+RadialTransaction.h */ = {isa = PBXFileReference; fileEncoding = 4; lastKnownFileType = sourcecode.c.h; path = "UINavigationController+RadialTransaction.h"; sourceTree = "<group>"; };
		55560BBF1C1FF98B00B29D49 /* UINavigationController+RadialTransaction.m */ = {isa = PBXFileReference; fileEncoding = 4; lastKnownFileType = sourcecode.c.objc; path = "UINavigationController+RadialTransaction.m"; sourceTree = "<group>"; };
		55560BC01C1FF98B00B29D49 /* UIView+Radial.h */ = {isa = PBXFileReference; fileEncoding = 4; lastKnownFileType = sourcecode.c.h; path = "UIView+Radial.h"; sourceTree = "<group>"; };
		55560BC11C1FF98B00B29D49 /* UIView+Radial.m */ = {isa = PBXFileReference; fileEncoding = 4; lastKnownFileType = sourcecode.c.objc; path = "UIView+Radial.m"; sourceTree = "<group>"; };
		55560BC51C212C5E00B29D49 /* MemPassOptions.swift */ = {isa = PBXFileReference; fileEncoding = 4; lastKnownFileType = sourcecode.swift; path = MemPassOptions.swift; sourceTree = "<group>"; };
		55560BC71C21445B00B29D49 /* SideBarTableControllerTableViewController.swift */ = {isa = PBXFileReference; fileEncoding = 4; lastKnownFileType = sourcecode.swift; path = SideBarTableControllerTableViewController.swift; sourceTree = "<group>"; };
		55560BCB1C2144CB00B29D49 /* SideBarTableViewCell.swift */ = {isa = PBXFileReference; fileEncoding = 4; lastKnownFileType = sourcecode.swift; path = SideBarTableViewCell.swift; sourceTree = "<group>"; };
		555724F61CB1C80700DA91CE /* sync.html */ = {isa = PBXFileReference; fileEncoding = 4; lastKnownFileType = text.html; path = sync.html; sourceTree = "<group>"; };
		555724F81CB206A900DA91CE /* GoogleService-Info.plist */ = {isa = PBXFileReference; fileEncoding = 4; lastKnownFileType = text.plist.xml; path = "GoogleService-Info.plist"; sourceTree = "<group>"; };
		558DA4171C27233300538933 /* MemPassDice.swift */ = {isa = PBXFileReference; fileEncoding = 4; lastKnownFileType = sourcecode.swift; path = MemPassDice.swift; sourceTree = "<group>"; };
		558DA41F1C27CDBC00538933 /* word.json */ = {isa = PBXFileReference; fileEncoding = 4; lastKnownFileType = text.json; path = word.json; sourceTree = "<group>"; };
		558DA4221C27CDEE00538933 /* Model.xcdatamodel */ = {isa = PBXFileReference; lastKnownFileType = wrapper.xcdatamodel; path = Model.xcdatamodel; sourceTree = "<group>"; };
		558DA4251C27D37800538933 /* Word+CoreDataProperties.swift */ = {isa = PBXFileReference; fileEncoding = 4; lastKnownFileType = sourcecode.swift; path = "Word+CoreDataProperties.swift"; sourceTree = "<group>"; };
		558DA4261C27D37800538933 /* Word.swift */ = {isa = PBXFileReference; fileEncoding = 4; lastKnownFileType = sourcecode.swift; path = Word.swift; sourceTree = "<group>"; };
		55A7061B1C1A960600063130 /* MemPass.app */ = {isa = PBXFileReference; explicitFileType = wrapper.application; includeInIndex = 0; path = MemPass.app; sourceTree = BUILT_PRODUCTS_DIR; };
		55A7061E1C1A960600063130 /* AppDelegate.swift */ = {isa = PBXFileReference; lastKnownFileType = sourcecode.swift; path = AppDelegate.swift; sourceTree = "<group>"; };
		55A706201C1A960600063130 /* ViewController.swift */ = {isa = PBXFileReference; lastKnownFileType = sourcecode.swift; path = ViewController.swift; sourceTree = "<group>"; };
		55A706231C1A960600063130 /* Base */ = {isa = PBXFileReference; lastKnownFileType = file.storyboard; name = Base; path = Base.lproj/Main.storyboard; sourceTree = "<group>"; };
		55A706251C1A960600063130 /* Assets.xcassets */ = {isa = PBXFileReference; lastKnownFileType = folder.assetcatalog; path = Assets.xcassets; sourceTree = "<group>"; };
		55A706281C1A960600063130 /* Base */ = {isa = PBXFileReference; lastKnownFileType = file.storyboard; name = Base; path = Base.lproj/LaunchScreen.storyboard; sourceTree = "<group>"; };
		55A7062A1C1A960600063130 /* Info.plist */ = {isa = PBXFileReference; lastKnownFileType = text.plist.xml; path = Info.plist; sourceTree = "<group>"; };
		55A706301C1A975100063130 /* MemPass.swift */ = {isa = PBXFileReference; fileEncoding = 4; lastKnownFileType = sourcecode.swift; path = MemPass.swift; sourceTree = "<group>"; };
		55A706321C1A9B6800063130 /* MemPass-BridgingHeader.h */ = {isa = PBXFileReference; lastKnownFileType = sourcecode.c.h; path = "MemPass-BridgingHeader.h"; sourceTree = "<group>"; };
		55A706331C1A9FD800063130 /* Sha2.h */ = {isa = PBXFileReference; fileEncoding = 4; lastKnownFileType = sourcecode.c.h; path = Sha2.h; sourceTree = "<group>"; };
		55A706341C1A9FD800063130 /* Sha2.m */ = {isa = PBXFileReference; fileEncoding = 4; lastKnownFileType = sourcecode.c.objc; path = Sha2.m; sourceTree = "<group>"; };
		55A706381C1BC5F300063130 /* CIColorExtension.swift */ = {isa = PBXFileReference; fileEncoding = 4; lastKnownFileType = sourcecode.swift; path = CIColorExtension.swift; sourceTree = "<group>"; };
		55A706391C1BC5F300063130 /* QRCode.swift */ = {isa = PBXFileReference; fileEncoding = 4; lastKnownFileType = sourcecode.swift; path = QRCode.swift; sourceTree = "<group>"; };
		55A7063A1C1BC5F300063130 /* UIImageViewExtension.swift */ = {isa = PBXFileReference; fileEncoding = 4; lastKnownFileType = sourcecode.swift; path = UIImageViewExtension.swift; sourceTree = "<group>"; };
		55A7063E1C1BCBA400063130 /* SeedViewController.swift */ = {isa = PBXFileReference; fileEncoding = 4; lastKnownFileType = sourcecode.swift; path = SeedViewController.swift; sourceTree = "<group>"; };
		55A951341C1E8889005C24AF /* Share-TechMono.ttf */ = {isa = PBXFileReference; lastKnownFileType = file; path = "Share-TechMono.ttf"; sourceTree = "<group>"; };
		55A951361C1E8AC3005C24AF /* zrnic.ttf */ = {isa = PBXFileReference; lastKnownFileType = file; path = zrnic.ttf; sourceTree = "<group>"; };
		55A9513B1C1E9743005C24AF /* R.generated.swift */ = {isa = PBXFileReference; fileEncoding = 4; lastKnownFileType = sourcecode.swift; path = R.generated.swift; sourceTree = SOURCE_ROOT; };
		55A951481C1E9F41005C24AF /* ReplaceVCSegue.swift */ = {isa = PBXFileReference; fileEncoding = 4; lastKnownFileType = sourcecode.swift; path = ReplaceVCSegue.swift; sourceTree = "<group>"; };
		55A951491C1E9F41005C24AF /* ReplaceRootVCSegue.swift */ = {isa = PBXFileReference; fileEncoding = 4; lastKnownFileType = sourcecode.swift; path = ReplaceRootVCSegue.swift; sourceTree = "<group>"; };
		55A951501C1FDC0D005C24AF /* View.xib */ = {isa = PBXFileReference; fileEncoding = 4; lastKnownFileType = file.xib; path = View.xib; sourceTree = "<group>"; };
		55A951521C1FDC4B005C24AF /* Conveniences.swift */ = {isa = PBXFileReference; fileEncoding = 4; lastKnownFileType = sourcecode.swift; path = Conveniences.swift; sourceTree = "<group>"; };
		55A951531C1FDC4B005C24AF /* UIColorConveniences.swift */ = {isa = PBXFileReference; fileEncoding = 4; lastKnownFileType = sourcecode.swift; path = UIColorConveniences.swift; sourceTree = "<group>"; };
		55A951561C1FDE34005C24AF /* Reachability.swift */ = {isa = PBXFileReference; fileEncoding = 4; lastKnownFileType = sourcecode.swift; path = Reachability.swift; sourceTree = "<group>"; };
		55A951591C1FF76F005C24AF /* OnBoardingViewController.swift */ = {isa = PBXFileReference; fileEncoding = 4; lastKnownFileType = sourcecode.swift; name = OnBoardingViewController.swift; path = ViewControllers/OnBoardingViewController.swift; sourceTree = "<group>"; };
		55A9515A1C1FF76F005C24AF /* OnBoardingViewController.xib */ = {isa = PBXFileReference; fileEncoding = 4; lastKnownFileType = file.xib; name = OnBoardingViewController.xib; path = ViewControllers/OnBoardingViewController.xib; sourceTree = "<group>"; };
		55DE27981C9DE41100E2B01B /* MemPassOptionChangesTests.swift */ = {isa = PBXFileReference; fileEncoding = 4; lastKnownFileType = sourcecode.swift; path = MemPassOptionChangesTests.swift; sourceTree = "<group>"; };
		55DE279A1C9E09C000E2B01B /* iAd.framework */ = {isa = PBXFileReference; lastKnownFileType = wrapper.framework; name = iAd.framework; path = System/Library/Frameworks/iAd.framework; sourceTree = SDKROOT; };
		55DE279C1C9E138200E2B01B /* about.html */ = {isa = PBXFileReference; fileEncoding = 4; lastKnownFileType = text.html; path = about.html; sourceTree = "<group>"; };
		55F1196E1C22710B0084C07B /* SeedViewController.xib */ = {isa = PBXFileReference; fileEncoding = 4; lastKnownFileType = file.xib; path = SeedViewController.xib; sourceTree = "<group>"; };
		55F119711C2287CB0084C07B /* QRCodeReader.swift */ = {isa = PBXFileReference; fileEncoding = 4; lastKnownFileType = sourcecode.swift; path = QRCodeReader.swift; sourceTree = "<group>"; };
		55F119721C2287CB0084C07B /* QRCodeViewController.swift */ = {isa = PBXFileReference; fileEncoding = 4; lastKnownFileType = sourcecode.swift; path = QRCodeViewController.swift; sourceTree = "<group>"; };
		55F119731C2287CB0084C07B /* ReaderOverlayView.swift */ = {isa = PBXFileReference; fileEncoding = 4; lastKnownFileType = sourcecode.swift; path = ReaderOverlayView.swift; sourceTree = "<group>"; };
		55F119741C2287CB0084C07B /* SwitchCameraButton.swift */ = {isa = PBXFileReference; fileEncoding = 4; lastKnownFileType = sourcecode.swift; path = SwitchCameraButton.swift; sourceTree = "<group>"; };
		55F119751C2287CB0084C07B /* ToggleTorchButton.swift */ = {isa = PBXFileReference; fileEncoding = 4; lastKnownFileType = sourcecode.swift; path = ToggleTorchButton.swift; sourceTree = "<group>"; };
		55F1197B1C2288750084C07B /* AVFoundation.framework */ = {isa = PBXFileReference; lastKnownFileType = wrapper.framework; name = AVFoundation.framework; path = System/Library/Frameworks/AVFoundation.framework; sourceTree = SDKROOT; };
		55F1197D1C2294EB0084C07B /* SettingsTableViewController.swift */ = {isa = PBXFileReference; fileEncoding = 4; lastKnownFileType = sourcecode.swift; path = SettingsTableViewController.swift; sourceTree = "<group>"; };
		55F119811C2298580084C07B /* SettingsSingleValueTableViewCell.swift */ = {isa = PBXFileReference; fileEncoding = 4; lastKnownFileType = sourcecode.swift; path = SettingsSingleValueTableViewCell.swift; sourceTree = "<group>"; };
		55F119831C2298680084C07B /* SettingsToggleTableViewCell.swift */ = {isa = PBXFileReference; fileEncoding = 4; lastKnownFileType = sourcecode.swift; path = SettingsToggleTableViewCell.swift; sourceTree = "<group>"; };
		55F119851C2298810084C07B /* SettingsLongTableViewCell.swift */ = {isa = PBXFileReference; fileEncoding = 4; lastKnownFileType = sourcecode.swift; path = SettingsLongTableViewCell.swift; sourceTree = "<group>"; };
		55FB08841C38CC9900191F51 /* MemPassTests.xctest */ = {isa = PBXFileReference; explicitFileType = wrapper.cfbundle; includeInIndex = 0; path = MemPassTests.xctest; sourceTree = BUILT_PRODUCTS_DIR; };
		55FB08861C38CC9900191F51 /* MemPassTests.swift */ = {isa = PBXFileReference; lastKnownFileType = sourcecode.swift; path = MemPassTests.swift; sourceTree = "<group>"; };
		55FB08881C38CC9900191F51 /* Info.plist */ = {isa = PBXFileReference; lastKnownFileType = text.plist.xml; path = Info.plist; sourceTree = "<group>"; };
		717878017BFA0F3FE9287F53 /* Pods.debug.xcconfig */ = {isa = PBXFileReference; includeInIndex = 1; lastKnownFileType = text.xcconfig; name = Pods.debug.xcconfig; path = "Pods/Target Support Files/Pods/Pods.debug.xcconfig"; sourceTree = "<group>"; };
		A16B632138B991BCFD1DD840 /* Pods.release.xcconfig */ = {isa = PBXFileReference; includeInIndex = 1; lastKnownFileType = text.xcconfig; name = Pods.release.xcconfig; path = "Pods/Target Support Files/Pods/Pods.release.xcconfig"; sourceTree = "<group>"; };
/* End PBXFileReference section */

/* Begin PBXFrameworksBuildPhase section */
		55A706181C1A960600063130 /* Frameworks */ = {
			isa = PBXFrameworksBuildPhase;
			buildActionMask = 2147483647;
			files = (
				55DE279B1C9E09C000E2B01B /* iAd.framework in Frameworks */,
				55F1197C1C2288750084C07B /* AVFoundation.framework in Frameworks */,
				07FED87BE6DE686CDCD6C2DF /* libPods.a in Frameworks */,
			);
			runOnlyForDeploymentPostprocessing = 0;
		};
		55FB08811C38CC9900191F51 /* Frameworks */ = {
			isa = PBXFrameworksBuildPhase;
			buildActionMask = 2147483647;
			files = (
				A89E385A9A5FDE09360644BA /* libPods.a in Frameworks */,
			);
			runOnlyForDeploymentPostprocessing = 0;
		};
/* End PBXFrameworksBuildPhase section */

/* Begin PBXGroup section */
		55A706121C1A960600063130 = {
			isa = PBXGroup;
			children = (
				555724F81CB206A900DA91CE /* GoogleService-Info.plist */,
				558DA4251C27D37800538933 /* Word+CoreDataProperties.swift */,
				558DA4261C27D37800538933 /* Word.swift */,
				558DA4211C27CDEE00538933 /* Model.xcdatamodeld */,
				55A706361C1BC5D900063130 /* Vendor */,
				55A7061D1C1A960600063130 /* MemPass */,
				55FB08851C38CC9900191F51 /* MemPassTests */,
				55A7061C1C1A960600063130 /* Products */,
				926354DE31A5E10BDB48EE33 /* Pods */,
				80C243F720417744B7E096A0 /* Frameworks */,
			);
			sourceTree = "<group>";
		};
		55A7061C1C1A960600063130 /* Products */ = {
			isa = PBXGroup;
			children = (
				55A7061B1C1A960600063130 /* MemPass.app */,
				55FB08841C38CC9900191F51 /* MemPassTests.xctest */,
			);
			name = Products;
			sourceTree = "<group>";
		};
		55A7061D1C1A960600063130 /* MemPass */ = {
			isa = PBXGroup;
			children = (
				55A951481C1E9F41005C24AF /* ReplaceVCSegue.swift */,
				55A951491C1E9F41005C24AF /* ReplaceRootVCSegue.swift */,
				55A9512F1C1E86C2005C24AF /* MemPass */,
				55A9512E1C1E86B9005C24AF /* ViewControllers */,
				55A7061E1C1A960600063130 /* AppDelegate.swift */,
				55A706221C1A960600063130 /* Main.storyboard */,
				558DA41F1C27CDBC00538933 /* word.json */,
				55A706251C1A960600063130 /* Assets.xcassets */,
				55A706271C1A960600063130 /* LaunchScreen.storyboard */,
				55A951341C1E8889005C24AF /* Share-TechMono.ttf */,
				55A951361C1E8AC3005C24AF /* zrnic.ttf */,
				55A7062A1C1A960600063130 /* Info.plist */,
				55A706321C1A9B6800063130 /* MemPass-BridgingHeader.h */,
				55A9513B1C1E9743005C24AF /* R.generated.swift */,
				55A951521C1FDC4B005C24AF /* Conveniences.swift */,
				55A951561C1FDE34005C24AF /* Reachability.swift */,
				55A951531C1FDC4B005C24AF /* UIColorConveniences.swift */,
				55DE279C1C9E138200E2B01B /* about.html */,
				555724F61CB1C80700DA91CE /* sync.html */,
			);
			path = MemPass;
			sourceTree = "<group>";
		};
		55A706361C1BC5D900063130 /* Vendor */ = {
			isa = PBXGroup;
			children = (
				55F119701C2287820084C07B /* QRReader */,
				55A9515D1C1FF908005C24AF /* Radial */,
				55A706371C1BC5E100063130 /* QRCode */,
			);
			name = Vendor;
			sourceTree = "<group>";
		};
		55A706371C1BC5E100063130 /* QRCode */ = {
			isa = PBXGroup;
			children = (
				55A706381C1BC5F300063130 /* CIColorExtension.swift */,
				55A706391C1BC5F300063130 /* QRCode.swift */,
				55A7063A1C1BC5F300063130 /* UIImageViewExtension.swift */,
			);
			name = QRCode;
			sourceTree = "<group>";
		};
		55A9512E1C1E86B9005C24AF /* ViewControllers */ = {
			isa = PBXGroup;
			children = (
				55A7063E1C1BCBA400063130 /* SeedViewController.swift */,
				55F1196E1C22710B0084C07B /* SeedViewController.xib */,
				55A706201C1A960600063130 /* ViewController.swift */,
				55A951501C1FDC0D005C24AF /* View.xib */,
				55A951591C1FF76F005C24AF /* OnBoardingViewController.swift */,
				55A9515A1C1FF76F005C24AF /* OnBoardingViewController.xib */,
				55560BC71C21445B00B29D49 /* SideBarTableControllerTableViewController.swift */,
				55560BCB1C2144CB00B29D49 /* SideBarTableViewCell.swift */,
				55F1197D1C2294EB0084C07B /* SettingsTableViewController.swift */,
				55F119831C2298680084C07B /* SettingsToggleTableViewCell.swift */,
				55F119811C2298580084C07B /* SettingsSingleValueTableViewCell.swift */,
				55F119851C2298810084C07B /* SettingsLongTableViewCell.swift */,
				55326E2B1C94CB2500AC3228 /* SettingsCellProtocol.swift */,
				55326E2D1C9625AD00AC3228 /* AboutViewController.swift */,
				55326E2E1C9625AD00AC3228 /* AboutViewController.xib */,
				55326E311C9625C300AC3228 /* SyncViewController.swift */,
				55326E321C9625C300AC3228 /* SyncViewController.xib */,
			);
			name = ViewControllers;
			sourceTree = "<group>";
		};
		55A9512F1C1E86C2005C24AF /* MemPass */ = {
			isa = PBXGroup;
			children = (
				55A706301C1A975100063130 /* MemPass.swift */,
				55A706331C1A9FD800063130 /* Sha2.h */,
				55A706341C1A9FD800063130 /* Sha2.m */,
				55560BC51C212C5E00B29D49 /* MemPassOptions.swift */,
				558DA4171C27233300538933 /* MemPassDice.swift */,
			);
			name = MemPass;
			sourceTree = "<group>";
		};
		55A9515D1C1FF908005C24AF /* Radial */ = {
			isa = PBXGroup;
			children = (
				55560BBC1C1FF98B00B29D49 /* AAPTransitionDirector.h */,
				55560BBD1C1FF98B00B29D49 /* AAPTransitionDirector.m */,
				55560BBE1C1FF98B00B29D49 /* UINavigationController+RadialTransaction.h */,
				55560BBF1C1FF98B00B29D49 /* UINavigationController+RadialTransaction.m */,
				55560BC01C1FF98B00B29D49 /* UIView+Radial.h */,
				55560BC11C1FF98B00B29D49 /* UIView+Radial.m */,
			);
			name = Radial;
			sourceTree = "<group>";
		};
		55F119701C2287820084C07B /* QRReader */ = {
			isa = PBXGroup;
			children = (
				55F119711C2287CB0084C07B /* QRCodeReader.swift */,
				55F119721C2287CB0084C07B /* QRCodeViewController.swift */,
				55F119731C2287CB0084C07B /* ReaderOverlayView.swift */,
				55F119741C2287CB0084C07B /* SwitchCameraButton.swift */,
				55F119751C2287CB0084C07B /* ToggleTorchButton.swift */,
			);
			name = QRReader;
			sourceTree = "<group>";
		};
		55FB08851C38CC9900191F51 /* MemPassTests */ = {
			isa = PBXGroup;
			children = (
				55FB08861C38CC9900191F51 /* MemPassTests.swift */,
				55FB08881C38CC9900191F51 /* Info.plist */,
				55DE27981C9DE41100E2B01B /* MemPassOptionChangesTests.swift */,
			);
			path = MemPassTests;
			sourceTree = "<group>";
		};
		80C243F720417744B7E096A0 /* Frameworks */ = {
			isa = PBXGroup;
			children = (
				55DE279A1C9E09C000E2B01B /* iAd.framework */,
				55F1197B1C2288750084C07B /* AVFoundation.framework */,
				4DDD5A6E90B84503726D0C62 /* libPods.a */,
			);
			name = Frameworks;
			sourceTree = "<group>";
		};
		926354DE31A5E10BDB48EE33 /* Pods */ = {
			isa = PBXGroup;
			children = (
				717878017BFA0F3FE9287F53 /* Pods.debug.xcconfig */,
				A16B632138B991BCFD1DD840 /* Pods.release.xcconfig */,
			);
			name = Pods;
			sourceTree = "<group>";
		};
/* End PBXGroup section */

/* Begin PBXNativeTarget section */
		55A7061A1C1A960600063130 /* MemPass */ = {
			isa = PBXNativeTarget;
			buildConfigurationList = 55A7062D1C1A960600063130 /* Build configuration list for PBXNativeTarget "MemPass" */;
			buildPhases = (
				691D3CF947F81DFF96968AE8 /* Check Pods Manifest.lock */,
				55A9513A1C1E96EB005C24AF /* Run Script (R.Swif) */,
				55A706171C1A960600063130 /* Sources */,
				55A706181C1A960600063130 /* Frameworks */,
				55A706191C1A960600063130 /* Resources */,
				EDE93BE95F08004EC91CDDE4 /* Copy Pods Resources */,
				55A951581C1FEC64005C24AF /* Fabric */,
			);
			buildRules = (
			);
			dependencies = (
			);
			name = MemPass;
			productName = MemPass;
			productReference = 55A7061B1C1A960600063130 /* MemPass.app */;
			productType = "com.apple.product-type.application";
		};
		55FB08831C38CC9900191F51 /* MemPassTests */ = {
			isa = PBXNativeTarget;
			buildConfigurationList = 55FB088D1C38CC9900191F51 /* Build configuration list for PBXNativeTarget "MemPassTests" */;
			buildPhases = (
				614E0D450083890F20331D48 /* Check Pods Manifest.lock */,
				55FB08801C38CC9900191F51 /* Sources */,
				55FB08811C38CC9900191F51 /* Frameworks */,
				55FB08821C38CC9900191F51 /* Resources */,
				6AA2F1C989DC9EF6FE141B40 /* Copy Pods Resources */,
			);
			buildRules = (
			);
			dependencies = (
				55FB088A1C38CC9900191F51 /* PBXTargetDependency */,
			);
			name = MemPassTests;
			productName = MemPassTests;
			productReference = 55FB08841C38CC9900191F51 /* MemPassTests.xctest */;
			productType = "com.apple.product-type.bundle.unit-test";
		};
/* End PBXNativeTarget section */

/* Begin PBXProject section */
		55A706131C1A960600063130 /* Project object */ = {
			isa = PBXProject;
			attributes = {
				LastSwiftUpdateCheck = 0720;
				LastUpgradeCheck = 0720;
				ORGANIZATIONNAME = "Dave Anthony Thomas";
				TargetAttributes = {
					55A7061A1C1A960600063130 = {
						CreatedOnToolsVersion = 7.2;
						DevelopmentTeam = 8L6T7X3BZE;
					};
					55FB08831C38CC9900191F51 = {
						CreatedOnToolsVersion = 7.2;
						TestTargetID = 55A7061A1C1A960600063130;
					};
				};
			};
			buildConfigurationList = 55A706161C1A960600063130 /* Build configuration list for PBXProject "MemPass" */;
			compatibilityVersion = "Xcode 3.2";
			developmentRegion = English;
			hasScannedForEncodings = 0;
			knownRegions = (
				en,
				Base,
			);
			mainGroup = 55A706121C1A960600063130;
			productRefGroup = 55A7061C1C1A960600063130 /* Products */;
			projectDirPath = "";
			projectRoot = "";
			targets = (
				55A7061A1C1A960600063130 /* MemPass */,
				55FB08831C38CC9900191F51 /* MemPassTests */,
			);
		};
/* End PBXProject section */

/* Begin PBXResourcesBuildPhase section */
		55A706191C1A960600063130 /* Resources */ = {
			isa = PBXResourcesBuildPhase;
			buildActionMask = 2147483647;
			files = (
				55DE279D1C9E138200E2B01B /* about.html in Resources */,
				55A951511C1FDC0D005C24AF /* View.xib in Resources */,
				55A951351C1E8918005C24AF /* Share-TechMono.ttf in Resources */,
				55A706291C1A960600063130 /* LaunchScreen.storyboard in Resources */,
				55A706261C1A960600063130 /* Assets.xcassets in Resources */,
				55326E301C9625AD00AC3228 /* AboutViewController.xib in Resources */,
				55A706241C1A960600063130 /* Main.storyboard in Resources */,
				55A951371C1E8AC3005C24AF /* zrnic.ttf in Resources */,
				55326E341C9625C300AC3228 /* SyncViewController.xib in Resources */,
				558DA4201C27CDBC00538933 /* word.json in Resources */,
				555724F71CB1C80700DA91CE /* sync.html in Resources */,
				55A9515C1C1FF76F005C24AF /* OnBoardingViewController.xib in Resources */,
				55F1196F1C22710B0084C07B /* SeedViewController.xib in Resources */,
				555724F91CB206A900DA91CE /* GoogleService-Info.plist in Resources */,
			);
			runOnlyForDeploymentPostprocessing = 0;
		};
		55FB08821C38CC9900191F51 /* Resources */ = {
			isa = PBXResourcesBuildPhase;
			buildActionMask = 2147483647;
			files = (
			);
			runOnlyForDeploymentPostprocessing = 0;
		};
/* End PBXResourcesBuildPhase section */

/* Begin PBXShellScriptBuildPhase section */
		55A9513A1C1E96EB005C24AF /* Run Script (R.Swif) */ = {
			isa = PBXShellScriptBuildPhase;
			buildActionMask = 2147483647;
			files = (
			);
			inputPaths = (
			);
			name = "Run Script (R.Swif)";
			outputPaths = (
			);
			runOnlyForDeploymentPostprocessing = 0;
			shellPath = /bin/sh;
			shellScript = "\"$PODS_ROOT/R.swift/rswift\" \"$SRCROOT\"";
		};
		55A951581C1FEC64005C24AF /* Fabric */ = {
			isa = PBXShellScriptBuildPhase;
			buildActionMask = 2147483647;
			files = (
			);
			inputPaths = (
			);
			name = Fabric;
			outputPaths = (
			);
			runOnlyForDeploymentPostprocessing = 0;
			shellPath = /bin/sh;
			shellScript = "\"${PODS_ROOT}/Fabric/Fabric.framework/run\" 05cdf6bd0870ccecdde0e998b6d743356578d150 f27723ee8f0c2a0c4d8d374c96d8fa06e4259c05381a4e2f2884a5f09e28d8dd";
		};
		614E0D450083890F20331D48 /* Check Pods Manifest.lock */ = {
			isa = PBXShellScriptBuildPhase;
			buildActionMask = 2147483647;
			files = (
			);
			inputPaths = (
			);
			name = "Check Pods Manifest.lock";
			outputPaths = (
			);
			runOnlyForDeploymentPostprocessing = 0;
			shellPath = /bin/sh;
			shellScript = "diff \"${PODS_ROOT}/../Podfile.lock\" \"${PODS_ROOT}/Manifest.lock\" > /dev/null\nif [[ $? != 0 ]] ; then\n    cat << EOM\nerror: The sandbox is not in sync with the Podfile.lock. Run 'pod install' or update your CocoaPods installation.\nEOM\n    exit 1\nfi\n";
			showEnvVarsInLog = 0;
		};
		691D3CF947F81DFF96968AE8 /* Check Pods Manifest.lock */ = {
			isa = PBXShellScriptBuildPhase;
			buildActionMask = 2147483647;
			files = (
			);
			inputPaths = (
			);
			name = "Check Pods Manifest.lock";
			outputPaths = (
			);
			runOnlyForDeploymentPostprocessing = 0;
			shellPath = /bin/sh;
			shellScript = "diff \"${PODS_ROOT}/../Podfile.lock\" \"${PODS_ROOT}/Manifest.lock\" > /dev/null\nif [[ $? != 0 ]] ; then\n    cat << EOM\nerror: The sandbox is not in sync with the Podfile.lock. Run 'pod install' or update your CocoaPods installation.\nEOM\n    exit 1\nfi\n";
			showEnvVarsInLog = 0;
		};
		6AA2F1C989DC9EF6FE141B40 /* Copy Pods Resources */ = {
			isa = PBXShellScriptBuildPhase;
			buildActionMask = 2147483647;
			files = (
			);
			inputPaths = (
			);
			name = "Copy Pods Resources";
			outputPaths = (
			);
			runOnlyForDeploymentPostprocessing = 0;
			shellPath = /bin/sh;
			shellScript = "\"${SRCROOT}/Pods/Target Support Files/Pods/Pods-resources.sh\"\n";
			showEnvVarsInLog = 0;
		};
		EDE93BE95F08004EC91CDDE4 /* Copy Pods Resources */ = {
			isa = PBXShellScriptBuildPhase;
			buildActionMask = 2147483647;
			files = (
			);
			inputPaths = (
			);
			name = "Copy Pods Resources";
			outputPaths = (
			);
			runOnlyForDeploymentPostprocessing = 0;
			shellPath = /bin/sh;
			shellScript = "\"${SRCROOT}/Pods/Target Support Files/Pods/Pods-resources.sh\"\n";
			showEnvVarsInLog = 0;
		};
/* End PBXShellScriptBuildPhase section */

/* Begin PBXSourcesBuildPhase section */
		55A706171C1A960600063130 /* Sources */ = {
			isa = PBXSourcesBuildPhase;
			buildActionMask = 2147483647;
			files = (
				558DA4241C27D13400538933 /* MemPass.swift in Sources */,
				55A9514B1C1E9F41005C24AF /* ReplaceRootVCSegue.swift in Sources */,
				55A951541C1FDC4B005C24AF /* Conveniences.swift in Sources */,
				55A7063D1C1BC5F300063130 /* UIImageViewExtension.swift in Sources */,
				55A951551C1FDC4B005C24AF /* UIColorConveniences.swift in Sources */,
				55A7063B1C1BC5F300063130 /* CIColorExtension.swift in Sources */,
				55F119791C2287CB0084C07B /* SwitchCameraButton.swift in Sources */,
				55560BC61C212C5E00B29D49 /* MemPassOptions.swift in Sources */,
				55A7063F1C1BCBA400063130 /* SeedViewController.swift in Sources */,
				55560BC31C1FF98B00B29D49 /* UINavigationController+RadialTransaction.m in Sources */,
				55A706211C1A960600063130 /* ViewController.swift in Sources */,
				55560BC41C1FF98B00B29D49 /* UIView+Radial.m in Sources */,
				55A9514A1C1E9F41005C24AF /* ReplaceVCSegue.swift in Sources */,
				55F119761C2287CB0084C07B /* QRCodeReader.swift in Sources */,
				55F119771C2287CB0084C07B /* QRCodeViewController.swift in Sources */,
				558DA4231C27CDEE00538933 /* Model.xcdatamodeld in Sources */,
				55560BCC1C2144CB00B29D49 /* SideBarTableViewCell.swift in Sources */,
				55F1197A1C2287CB0084C07B /* ToggleTorchButton.swift in Sources */,
				55F1197F1C2294EB0084C07B /* SettingsTableViewController.swift in Sources */,
				55F119841C2298680084C07B /* SettingsToggleTableViewCell.swift in Sources */,
				55326E2C1C94CB2500AC3228 /* SettingsCellProtocol.swift in Sources */,
				55A7061F1C1A960600063130 /* AppDelegate.swift in Sources */,
				558DA4281C27D37800538933 /* Word.swift in Sources */,
				558DA4181C27233300538933 /* MemPassDice.swift in Sources */,
				55A706351C1A9FD800063130 /* Sha2.m in Sources */,
				558DA4271C27D37800538933 /* Word+CoreDataProperties.swift in Sources */,
				55A9513C1C1E9743005C24AF /* R.generated.swift in Sources */,
				55F119781C2287CB0084C07B /* ReaderOverlayView.swift in Sources */,
				55A951571C1FDE34005C24AF /* Reachability.swift in Sources */,
				55F119861C2298810084C07B /* SettingsLongTableViewCell.swift in Sources */,
				55326E2F1C9625AD00AC3228 /* AboutViewController.swift in Sources */,
				55560BC21C1FF98B00B29D49 /* AAPTransitionDirector.m in Sources */,
				55F119821C2298580084C07B /* SettingsSingleValueTableViewCell.swift in Sources */,
				55A7063C1C1BC5F300063130 /* QRCode.swift in Sources */,
				55A9515B1C1FF76F005C24AF /* OnBoardingViewController.swift in Sources */,
				55560BC81C21445B00B29D49 /* SideBarTableControllerTableViewController.swift in Sources */,
				55326E331C9625C300AC3228 /* SyncViewController.swift in Sources */,
			);
			runOnlyForDeploymentPostprocessing = 0;
		};
		55FB08801C38CC9900191F51 /* Sources */ = {
			isa = PBXSourcesBuildPhase;
			buildActionMask = 2147483647;
			files = (
				55FB08871C38CC9900191F51 /* MemPassTests.swift in Sources */,
				55DE27991C9DE41100E2B01B /* MemPassOptionChangesTests.swift in Sources */,
			);
			runOnlyForDeploymentPostprocessing = 0;
		};
/* End PBXSourcesBuildPhase section */

/* Begin PBXTargetDependency section */
		55FB088A1C38CC9900191F51 /* PBXTargetDependency */ = {
			isa = PBXTargetDependency;
			target = 55A7061A1C1A960600063130 /* MemPass */;
			targetProxy = 55FB08891C38CC9900191F51 /* PBXContainerItemProxy */;
		};
/* End PBXTargetDependency section */

/* Begin PBXVariantGroup section */
		55A706221C1A960600063130 /* Main.storyboard */ = {
			isa = PBXVariantGroup;
			children = (
				55A706231C1A960600063130 /* Base */,
			);
			name = Main.storyboard;
			sourceTree = "<group>";
		};
		55A706271C1A960600063130 /* LaunchScreen.storyboard */ = {
			isa = PBXVariantGroup;
			children = (
				55A706281C1A960600063130 /* Base */,
			);
			name = LaunchScreen.storyboard;
			sourceTree = "<group>";
		};
/* End PBXVariantGroup section */

/* Begin XCBuildConfiguration section */
		55A7062B1C1A960600063130 /* Debug */ = {
			isa = XCBuildConfiguration;
			buildSettings = {
				ALWAYS_SEARCH_USER_PATHS = NO;
				CLANG_CXX_LANGUAGE_STANDARD = "gnu++0x";
				CLANG_CXX_LIBRARY = "libc++";
				CLANG_ENABLE_MODULES = YES;
				CLANG_ENABLE_OBJC_ARC = YES;
				CLANG_WARN_BOOL_CONVERSION = YES;
				CLANG_WARN_CONSTANT_CONVERSION = YES;
				CLANG_WARN_DIRECT_OBJC_ISA_USAGE = YES_ERROR;
				CLANG_WARN_EMPTY_BODY = YES;
				CLANG_WARN_ENUM_CONVERSION = YES;
				CLANG_WARN_INT_CONVERSION = YES;
				CLANG_WARN_OBJC_ROOT_CLASS = YES_ERROR;
				CLANG_WARN_UNREACHABLE_CODE = YES;
				CLANG_WARN__DUPLICATE_METHOD_MATCH = YES;
				"CODE_SIGN_IDENTITY[sdk=iphoneos*]" = "iPhone Developer";
				COPY_PHASE_STRIP = NO;
				DEBUG_INFORMATION_FORMAT = dwarf;
				ENABLE_STRICT_OBJC_MSGSEND = YES;
				ENABLE_TESTABILITY = YES;
				GCC_C_LANGUAGE_STANDARD = gnu99;
				GCC_DYNAMIC_NO_PIC = NO;
				GCC_NO_COMMON_BLOCKS = YES;
				GCC_OPTIMIZATION_LEVEL = 0;
				GCC_PREPROCESSOR_DEFINITIONS = (
					"DEBUG=1",
					"$(inherited)",
				);
				GCC_WARN_64_TO_32_BIT_CONVERSION = YES;
				GCC_WARN_ABOUT_RETURN_TYPE = YES_ERROR;
				GCC_WARN_UNDECLARED_SELECTOR = YES;
				GCC_WARN_UNINITIALIZED_AUTOS = YES_AGGRESSIVE;
				GCC_WARN_UNUSED_FUNCTION = YES;
				GCC_WARN_UNUSED_VARIABLE = YES;
				HEADER_SEARCH_PATHS = "";
				IPHONEOS_DEPLOYMENT_TARGET = 9.2;
				MTL_ENABLE_DEBUG_INFO = YES;
				ONLY_ACTIVE_ARCH = YES;
				SDKROOT = iphoneos;
				SWIFT_OBJC_BRIDGING_HEADER = "MemPass/MemPass-BridgingHeader.h";
				SWIFT_OPTIMIZATION_LEVEL = "-Onone";
			};
			name = Debug;
		};
		55A7062C1C1A960600063130 /* Release */ = {
			isa = XCBuildConfiguration;
			buildSettings = {
				ALWAYS_SEARCH_USER_PATHS = NO;
				CLANG_CXX_LANGUAGE_STANDARD = "gnu++0x";
				CLANG_CXX_LIBRARY = "libc++";
				CLANG_ENABLE_MODULES = YES;
				CLANG_ENABLE_OBJC_ARC = YES;
				CLANG_WARN_BOOL_CONVERSION = YES;
				CLANG_WARN_CONSTANT_CONVERSION = YES;
				CLANG_WARN_DIRECT_OBJC_ISA_USAGE = YES_ERROR;
				CLANG_WARN_EMPTY_BODY = YES;
				CLANG_WARN_ENUM_CONVERSION = YES;
				CLANG_WARN_INT_CONVERSION = YES;
				CLANG_WARN_OBJC_ROOT_CLASS = YES_ERROR;
				CLANG_WARN_UNREACHABLE_CODE = YES;
				CLANG_WARN__DUPLICATE_METHOD_MATCH = YES;
				"CODE_SIGN_IDENTITY[sdk=iphoneos*]" = "iPhone Developer";
				COPY_PHASE_STRIP = NO;
				DEBUG_INFORMATION_FORMAT = "dwarf-with-dsym";
				ENABLE_NS_ASSERTIONS = NO;
				ENABLE_STRICT_OBJC_MSGSEND = YES;
				GCC_C_LANGUAGE_STANDARD = gnu99;
				GCC_NO_COMMON_BLOCKS = YES;
				GCC_WARN_64_TO_32_BIT_CONVERSION = YES;
				GCC_WARN_ABOUT_RETURN_TYPE = YES_ERROR;
				GCC_WARN_UNDECLARED_SELECTOR = YES;
				GCC_WARN_UNINITIALIZED_AUTOS = YES_AGGRESSIVE;
				GCC_WARN_UNUSED_FUNCTION = YES;
				GCC_WARN_UNUSED_VARIABLE = YES;
				HEADER_SEARCH_PATHS = "";
				IPHONEOS_DEPLOYMENT_TARGET = 9.2;
				MTL_ENABLE_DEBUG_INFO = NO;
				SDKROOT = iphoneos;
				SWIFT_OBJC_BRIDGING_HEADER = "MemPass/MemPass-BridgingHeader.h";
				VALIDATE_PRODUCT = YES;
			};
			name = Release;
		};
		55A7062E1C1A960600063130 /* Debug */ = {
			isa = XCBuildConfiguration;
			baseConfigurationReference = 717878017BFA0F3FE9287F53 /* Pods.debug.xcconfig */;
			buildSettings = {
				ASSETCATALOG_COMPILER_APPICON_NAME = AppIcon;
				CLANG_ENABLE_MODULES = YES;
				CODE_SIGN_IDENTITY = "iPhone Developer";
				INFOPLIST_FILE = MemPass/Info.plist;
				IPHONEOS_DEPLOYMENT_TARGET = 8.0;
				LD_RUNPATH_SEARCH_PATHS = "$(inherited) @executable_path/Frameworks";
				PRODUCT_BUNDLE_IDENTIFIER = com.DTWebSolutions.MemPass;
				PRODUCT_NAME = "$(TARGET_NAME)";
				SWIFT_OPTIMIZATION_LEVEL = "-Onone";
				TARGETED_DEVICE_FAMILY = "1,2";
			};
			name = Debug;
		};
		55A7062F1C1A960600063130 /* Release */ = {
			isa = XCBuildConfiguration;
			baseConfigurationReference = A16B632138B991BCFD1DD840 /* Pods.release.xcconfig */;
			buildSettings = {
				ASSETCATALOG_COMPILER_APPICON_NAME = AppIcon;
				CLANG_ENABLE_MODULES = YES;
				CODE_SIGN_IDENTITY = "iPhone Developer";
				INFOPLIST_FILE = MemPass/Info.plist;
				IPHONEOS_DEPLOYMENT_TARGET = 8.0;
				LD_RUNPATH_SEARCH_PATHS = "$(inherited) @executable_path/Frameworks";
				PRODUCT_BUNDLE_IDENTIFIER = com.DTWebSolutions.MemPass;
				PRODUCT_NAME = "$(TARGET_NAME)";
				TARGETED_DEVICE_FAMILY = "1,2";
			};
			name = Release;
		};
		55FB088B1C38CC9900191F51 /* Debug */ = {
			isa = XCBuildConfiguration;
			baseConfigurationReference = 717878017BFA0F3FE9287F53 /* Pods.debug.xcconfig */;
			buildSettings = {
				BUNDLE_LOADER = "$(TEST_HOST)";
				INFOPLIST_FILE = MemPassTests/Info.plist;
				LD_RUNPATH_SEARCH_PATHS = "$(inherited) @executable_path/Frameworks @loader_path/Frameworks";
				PRODUCT_BUNDLE_IDENTIFIER = com.DaveAnthonyThomas.MemPassTests;
				PRODUCT_NAME = "$(TARGET_NAME)";
				TEST_HOST = "$(BUILT_PRODUCTS_DIR)/MemPass.app/MemPass";
			};
			name = Debug;
		};
		55FB088C1C38CC9900191F51 /* Release */ = {
			isa = XCBuildConfiguration;
			baseConfigurationReference = A16B632138B991BCFD1DD840 /* Pods.release.xcconfig */;
			buildSettings = {
				BUNDLE_LOADER = "$(TEST_HOST)";
				INFOPLIST_FILE = MemPassTests/Info.plist;
				LD_RUNPATH_SEARCH_PATHS = "$(inherited) @executable_path/Frameworks @loader_path/Frameworks";
				PRODUCT_BUNDLE_IDENTIFIER = com.DaveAnthonyThomas.MemPassTests;
				PRODUCT_NAME = "$(TARGET_NAME)";
				TEST_HOST = "$(BUILT_PRODUCTS_DIR)/MemPass.app/MemPass";
			};
			name = Release;
		};
/* End XCBuildConfiguration section */

/* Begin XCConfigurationList section */
		55A706161C1A960600063130 /* Build configuration list for PBXProject "MemPass" */ = {
			isa = XCConfigurationList;
			buildConfigurations = (
				55A7062B1C1A960600063130 /* Debug */,
				55A7062C1C1A960600063130 /* Release */,
			);
			defaultConfigurationIsVisible = 0;
			defaultConfigurationName = Release;
		};
		55A7062D1C1A960600063130 /* Build configuration list for PBXNativeTarget "MemPass" */ = {
			isa = XCConfigurationList;
			buildConfigurations = (
				55A7062E1C1A960600063130 /* Debug */,
				55A7062F1C1A960600063130 /* Release */,
			);
			defaultConfigurationIsVisible = 0;
			defaultConfigurationName = Release;
		};
		55FB088D1C38CC9900191F51 /* Build configuration list for PBXNativeTarget "MemPassTests" */ = {
			isa = XCConfigurationList;
			buildConfigurations = (
				55FB088B1C38CC9900191F51 /* Debug */,
				55FB088C1C38CC9900191F51 /* Release */,
			);
			defaultConfigurationIsVisible = 0;
			defaultConfigurationName = Release;
		};
/* End XCConfigurationList section */

/* Begin XCVersionGroup section */
		558DA4211C27CDEE00538933 /* Model.xcdatamodeld */ = {
			isa = XCVersionGroup;
			children = (
				558DA4221C27CDEE00538933 /* Model.xcdatamodel */,
			);
			currentVersion = 558DA4221C27CDEE00538933 /* Model.xcdatamodel */;
			path = Model.xcdatamodeld;
			sourceTree = "<group>";
			versionGroupType = wrapper.xcdatamodel;
		};
/* End XCVersionGroup section */
	};
	rootObject = 55A706131C1A960600063130 /* Project object */;
}
